// !$*UTF8*$!
{
	archiveVersion = 1;
	classes = {
	};
	objectVersion = 46;
	objects = {

/* Begin PBXBuildFile section */
		850E05271A24BEC100F89EA8 /* words.plist in Resources */ = {isa = PBXBuildFile; fileRef = 850E05261A24BEC100F89EA8 /* words.plist */; };
		850E05291A24E49300F89EA8 /* DefaultPreferences.plist in Resources */ = {isa = PBXBuildFile; fileRef = 850E05281A24E49300F89EA8 /* DefaultPreferences.plist */; };
		859D6EBA1A29F66D00080BB0 /* gameControler.m in Sources */ = {isa = PBXBuildFile; fileRef = 859D6EB91A29F66D00080BB0 /* gameControler.m */; };
		85AA36551A0CE94A00FA542C /* main.m in Sources */ = {isa = PBXBuildFile; fileRef = 85AA36541A0CE94A00FA542C /* main.m */; };
		85AA36581A0CE94A00FA542C /* AppDelegate.m in Sources */ = {isa = PBXBuildFile; fileRef = 85AA36571A0CE94A00FA542C /* AppDelegate.m */; };
		85AA365B1A0CE94A00FA542C /* mainViewController.m in Sources */ = {isa = PBXBuildFile; fileRef = 85AA365A1A0CE94A00FA542C /* mainViewController.m */; };
		85AA365E1A0CE94A00FA542C /* Main.storyboard in Resources */ = {isa = PBXBuildFile; fileRef = 85AA365C1A0CE94A00FA542C /* Main.storyboard */; };
		85AA36601A0CE94A00FA542C /* Images.xcassets in Resources */ = {isa = PBXBuildFile; fileRef = 85AA365F1A0CE94A00FA542C /* Images.xcassets */; };
		85AA36631A0CE94A00FA542C /* LaunchScreen.xib in Resources */ = {isa = PBXBuildFile; fileRef = 85AA36611A0CE94A00FA542C /* LaunchScreen.xib */; };
		85AA366F1A0CE94A00FA542C /* HiWorldTests.m in Sources */ = {isa = PBXBuildFile; fileRef = 85AA366E1A0CE94A00FA542C /* HiWorldTests.m */; };
		85AA367C1A0CEAAF00FA542C /* settingsViewController.m in Sources */ = {isa = PBXBuildFile; fileRef = 85AA367B1A0CEAAF00FA542C /* settingsViewController.m */; };
/* End PBXBuildFile section */

/* Begin PBXContainerItemProxy section */
		85AA36691A0CE94A00FA542C /* PBXContainerItemProxy */ = {
			isa = PBXContainerItemProxy;
			containerPortal = 85AA36471A0CE94A00FA542C /* Project object */;
			proxyType = 1;
			remoteGlobalIDString = 85AA364E1A0CE94A00FA542C;
			remoteInfo = HiWorld;
		};
/* End PBXContainerItemProxy section */

/* Begin PBXFileReference section */
		850E05261A24BEC100F89EA8 /* words.plist */ = {isa = PBXFileReference; fileEncoding = 4; lastKnownFileType = text.plist.xml; path = words.plist; sourceTree = "<group>"; };
		850E05281A24E49300F89EA8 /* DefaultPreferences.plist */ = {isa = PBXFileReference; fileEncoding = 4; lastKnownFileType = text.plist.xml; path = DefaultPreferences.plist; sourceTree = "<group>"; };
		859D6EB81A29F66D00080BB0 /* gameControler.h */ = {isa = PBXFileReference; fileEncoding = 4; lastKnownFileType = sourcecode.c.h; name = gameControler.h; path = ../gameControler.h; sourceTree = "<group>"; };
		859D6EB91A29F66D00080BB0 /* gameControler.m */ = {isa = PBXFileReference; fileEncoding = 4; lastKnownFileType = sourcecode.c.objc; name = gameControler.m; path = ../gameControler.m; sourceTree = "<group>"; };
		85AA364F1A0CE94A00FA542C /* evilHangman.app */ = {isa = PBXFileReference; explicitFileType = wrapper.application; includeInIndex = 0; path = evilHangman.app; sourceTree = BUILT_PRODUCTS_DIR; };
		85AA36541A0CE94A00FA542C /* main.m */ = {isa = PBXFileReference; lastKnownFileType = sourcecode.c.objc; path = main.m; sourceTree = "<group>"; };
		85AA36561A0CE94A00FA542C /* AppDelegate.h */ = {isa = PBXFileReference; lastKnownFileType = sourcecode.c.h; path = AppDelegate.h; sourceTree = "<group>"; };
		85AA36571A0CE94A00FA542C /* AppDelegate.m */ = {isa = PBXFileReference; lastKnownFileType = sourcecode.c.objc; path = AppDelegate.m; sourceTree = "<group>"; };
		85AA36591A0CE94A00FA542C /* mainViewController.h */ = {isa = PBXFileReference; lastKnownFileType = sourcecode.c.h; path = mainViewController.h; sourceTree = "<group>"; };
		85AA365A1A0CE94A00FA542C /* mainViewController.m */ = {isa = PBXFileReference; lastKnownFileType = sourcecode.c.objc; path = mainViewController.m; sourceTree = "<group>"; };
		85AA365D1A0CE94A00FA542C /* Base */ = {isa = PBXFileReference; lastKnownFileType = file.storyboard; name = Base; path = Base.lproj/Main.storyboard; sourceTree = "<group>"; };
		85AA365F1A0CE94A00FA542C /* Images.xcassets */ = {isa = PBXFileReference; lastKnownFileType = folder.assetcatalog; path = Images.xcassets; sourceTree = "<group>"; };
		85AA36621A0CE94A00FA542C /* Base */ = {isa = PBXFileReference; lastKnownFileType = file.xib; name = Base; path = Base.lproj/LaunchScreen.xib; sourceTree = "<group>"; };
		85AA36681A0CE94A00FA542C /* evilHangmanTests.xctest */ = {isa = PBXFileReference; explicitFileType = wrapper.cfbundle; includeInIndex = 0; path = evilHangmanTests.xctest; sourceTree = BUILT_PRODUCTS_DIR; };
		85AA366D1A0CE94A00FA542C /* Info.plist */ = {isa = PBXFileReference; lastKnownFileType = text.plist.xml; path = Info.plist; sourceTree = "<group>"; };
		85AA366E1A0CE94A00FA542C /* HiWorldTests.m */ = {isa = PBXFileReference; lastKnownFileType = sourcecode.c.objc; path = HiWorldTests.m; sourceTree = "<group>"; };
		85AA367A1A0CEAAF00FA542C /* settingsViewController.h */ = {isa = PBXFileReference; fileEncoding = 4; lastKnownFileType = sourcecode.c.h; path = settingsViewController.h; sourceTree = "<group>"; };
		85AA367B1A0CEAAF00FA542C /* settingsViewController.m */ = {isa = PBXFileReference; fileEncoding = 4; lastKnownFileType = sourcecode.c.objc; path = settingsViewController.m; sourceTree = "<group>"; };
/* End PBXFileReference section */

/* Begin PBXFrameworksBuildPhase section */
		85AA364C1A0CE94A00FA542C /* Frameworks */ = {
			isa = PBXFrameworksBuildPhase;
			buildActionMask = 2147483647;
			files = (
			);
			runOnlyForDeploymentPostprocessing = 0;
		};
		85AA36651A0CE94A00FA542C /* Frameworks */ = {
			isa = PBXFrameworksBuildPhase;
			buildActionMask = 2147483647;
			files = (
			);
			runOnlyForDeploymentPostprocessing = 0;
		};
/* End PBXFrameworksBuildPhase section */

/* Begin PBXGroup section */
		85AA36461A0CE94A00FA542C = {
			isa = PBXGroup;
			children = (
				85AA36511A0CE94A00FA542C /* HiWorld */,
				85AA366B1A0CE94A00FA542C /* HiWorldTests */,
				85AA36501A0CE94A00FA542C /* Products */,
			);
			sourceTree = "<group>";
		};
		85AA36501A0CE94A00FA542C /* Products */ = {
			isa = PBXGroup;
			children = (
				85AA364F1A0CE94A00FA542C /* evilHangman.app */,
				85AA36681A0CE94A00FA542C /* evilHangmanTests.xctest */,
			);
			name = Products;
			sourceTree = "<group>";
		};
		85AA36511A0CE94A00FA542C /* HiWorld */ = {
			isa = PBXGroup;
			children = (
				85AA36561A0CE94A00FA542C /* AppDelegate.h */,
				85AA36571A0CE94A00FA542C /* AppDelegate.m */,
				859D6EB81A29F66D00080BB0 /* gameControler.h */,
				859D6EB91A29F66D00080BB0 /* gameControler.m */,
				85AA36591A0CE94A00FA542C /* mainViewController.h */,
				85AA365A1A0CE94A00FA542C /* mainViewController.m */,
				85AA367A1A0CEAAF00FA542C /* settingsViewController.h */,
				85AA367B1A0CEAAF00FA542C /* settingsViewController.m */,
				85AA365C1A0CE94A00FA542C /* Main.storyboard */,
				85AA365F1A0CE94A00FA542C /* Images.xcassets */,
				85AA36611A0CE94A00FA542C /* LaunchScreen.xib */,
				85AA36521A0CE94A00FA542C /* Supporting Files */,
			);
			path = HiWorld;
			sourceTree = "<group>";
		};
		85AA36521A0CE94A00FA542C /* Supporting Files */ = {
			isa = PBXGroup;
			children = (
				85AA36541A0CE94A00FA542C /* main.m */,
				850E05261A24BEC100F89EA8 /* words.plist */,
				850E05281A24E49300F89EA8 /* DefaultPreferences.plist */,
			);
			name = "Supporting Files";
			sourceTree = "<group>";
		};
		85AA366B1A0CE94A00FA542C /* HiWorldTests */ = {
			isa = PBXGroup;
			children = (
				85AA366E1A0CE94A00FA542C /* HiWorldTests.m */,
				85AA366C1A0CE94A00FA542C /* Supporting Files */,
			);
			path = HiWorldTests;
			sourceTree = "<group>";
		};
		85AA366C1A0CE94A00FA542C /* Supporting Files */ = {
			isa = PBXGroup;
			children = (
				85AA366D1A0CE94A00FA542C /* Info.plist */,
			);
			name = "Supporting Files";
			sourceTree = "<group>";
		};
/* End PBXGroup section */

/* Begin PBXNativeTarget section */
		85AA364E1A0CE94A00FA542C /* evilHangman */ = {
			isa = PBXNativeTarget;
			buildConfigurationList = 85AA36721A0CE94A00FA542C /* Build configuration list for PBXNativeTarget "evilHangman" */;
			buildPhases = (
				85AA364B1A0CE94A00FA542C /* Sources */,
				85AA364C1A0CE94A00FA542C /* Frameworks */,
				85AA364D1A0CE94A00FA542C /* Resources */,
			);
			buildRules = (
			);
			dependencies = (
			);
			name = evilHangman;
			productName = HiWorld;
			productReference = 85AA364F1A0CE94A00FA542C /* evilHangman.app */;
			productType = "com.apple.product-type.application";
		};
		85AA36671A0CE94A00FA542C /* evilHangmanTests */ = {
			isa = PBXNativeTarget;
			buildConfigurationList = 85AA36751A0CE94A00FA542C /* Build configuration list for PBXNativeTarget "evilHangmanTests" */;
			buildPhases = (
				85AA36641A0CE94A00FA542C /* Sources */,
				85AA36651A0CE94A00FA542C /* Frameworks */,
				85AA36661A0CE94A00FA542C /* Resources */,
			);
			buildRules = (
			);
			dependencies = (
				85AA366A1A0CE94A00FA542C /* PBXTargetDependency */,
			);
			name = evilHangmanTests;
			productName = HiWorldTests;
			productReference = 85AA36681A0CE94A00FA542C /* evilHangmanTests.xctest */;
			productType = "com.apple.product-type.bundle.unit-test";
		};
/* End PBXNativeTarget section */

/* Begin PBXProject section */
		85AA36471A0CE94A00FA542C /* Project object */ = {
			isa = PBXProject;
			attributes = {
				LastUpgradeCheck = 0610;
				ORGANIZATIONNAME = "Arent Stienstra";
				TargetAttributes = {
					85AA364E1A0CE94A00FA542C = {
						CreatedOnToolsVersion = 6.1;
					};
					85AA36671A0CE94A00FA542C = {
						CreatedOnToolsVersion = 6.1;
						TestTargetID = 85AA364E1A0CE94A00FA542C;
					};
				};
			};
			buildConfigurationList = 85AA364A1A0CE94A00FA542C /* Build configuration list for PBXProject "evilHangman" */;
			compatibilityVersion = "Xcode 3.2";
			developmentRegion = English;
			hasScannedForEncodings = 0;
			knownRegions = (
				en,
				Base,
			);
			mainGroup = 85AA36461A0CE94A00FA542C;
			productRefGroup = 85AA36501A0CE94A00FA542C /* Products */;
			projectDirPath = "";
			projectRoot = "";
			targets = (
				85AA364E1A0CE94A00FA542C /* evilHangman */,
				85AA36671A0CE94A00FA542C /* evilHangmanTests */,
			);
		};
/* End PBXProject section */

/* Begin PBXResourcesBuildPhase section */
		85AA364D1A0CE94A00FA542C /* Resources */ = {
			isa = PBXResourcesBuildPhase;
			buildActionMask = 2147483647;
			files = (
				850E05271A24BEC100F89EA8 /* words.plist in Resources */,
				850E05291A24E49300F89EA8 /* DefaultPreferences.plist in Resources */,
				85AA365E1A0CE94A00FA542C /* Main.storyboard in Resources */,
				85AA36631A0CE94A00FA542C /* LaunchScreen.xib in Resources */,
				85AA36601A0CE94A00FA542C /* Images.xcassets in Resources */,
			);
			runOnlyForDeploymentPostprocessing = 0;
		};
		85AA36661A0CE94A00FA542C /* Resources */ = {
			isa = PBXResourcesBuildPhase;
			buildActionMask = 2147483647;
			files = (
			);
			runOnlyForDeploymentPostprocessing = 0;
		};
/* End PBXResourcesBuildPhase section */

/* Begin PBXSourcesBuildPhase section */
		85AA364B1A0CE94A00FA542C /* Sources */ = {
			isa = PBXSourcesBuildPhase;
			buildActionMask = 2147483647;
			files = (
				85AA367C1A0CEAAF00FA542C /* settingsViewController.m in Sources */,
				85AA365B1A0CE94A00FA542C /* mainViewController.m in Sources */,
				859D6EBA1A29F66D00080BB0 /* gameControler.m in Sources */,
				85AA36581A0CE94A00FA542C /* AppDelegate.m in Sources */,
				85AA36551A0CE94A00FA542C /* main.m in Sources */,
			);
			runOnlyForDeploymentPostprocessing = 0;
		};
		85AA36641A0CE94A00FA542C /* Sources */ = {
			isa = PBXSourcesBuildPhase;
			buildActionMask = 2147483647;
			files = (
				85AA366F1A0CE94A00FA542C /* HiWorldTests.m in Sources */,
			);
			runOnlyForDeploymentPostprocessing = 0;
		};
/* End PBXSourcesBuildPhase section */

/* Begin PBXTargetDependency section */
		85AA366A1A0CE94A00FA542C /* PBXTargetDependency */ = {
			isa = PBXTargetDependency;
			target = 85AA364E1A0CE94A00FA542C /* evilHangman */;
			targetProxy = 85AA36691A0CE94A00FA542C /* PBXContainerItemProxy */;
		};
/* End PBXTargetDependency section */

/* Begin PBXVariantGroup section */
		85AA365C1A0CE94A00FA542C /* Main.storyboard */ = {
			isa = PBXVariantGroup;
			children = (
				85AA365D1A0CE94A00FA542C /* Base */,
			);
			name = Main.storyboard;
			sourceTree = "<group>";
		};
		85AA36611A0CE94A00FA542C /* LaunchScreen.xib */ = {
			isa = PBXVariantGroup;
			children = (
				85AA36621A0CE94A00FA542C /* Base */,
			);
			name = LaunchScreen.xib;
			sourceTree = "<group>";
		};
/* End PBXVariantGroup section */

/* Begin XCBuildConfiguration section */
		85AA36701A0CE94A00FA542C /* Debug */ = {
			isa = XCBuildConfiguration;
			buildSettings = {
				ALWAYS_SEARCH_USER_PATHS = NO;
				CLANG_CXX_LANGUAGE_STANDARD = "gnu++0x";
				CLANG_CXX_LIBRARY = "libc++";
				CLANG_ENABLE_MODULES = YES;
				CLANG_ENABLE_OBJC_ARC = YES;
				CLANG_WARN_BOOL_CONVERSION = YES;
				CLANG_WARN_CONSTANT_CONVERSION = YES;
				CLANG_WARN_DIRECT_OBJC_ISA_USAGE = YES_ERROR;
				CLANG_WARN_EMPTY_BODY = YES;
				CLANG_WARN_ENUM_CONVERSION = YES;
				CLANG_WARN_INT_CONVERSION = YES;
				CLANG_WARN_OBJC_ROOT_CLASS = YES_ERROR;
				CLANG_WARN_UNREACHABLE_CODE = YES;
				CLANG_WARN__DUPLICATE_METHOD_MATCH = YES;
				"CODE_SIGN_IDENTITY[sdk=iphoneos*]" = "iPhone Developer";
				COPY_PHASE_STRIP = NO;
				ENABLE_STRICT_OBJC_MSGSEND = YES;
				GCC_C_LANGUAGE_STANDARD = gnu99;
				GCC_DYNAMIC_NO_PIC = NO;
				GCC_OPTIMIZATION_LEVEL = 0;
				GCC_PREPROCESSOR_DEFINITIONS = (
					"DEBUG=1",
					"$(inherited)",
				);
				GCC_SYMBOLS_PRIVATE_EXTERN = NO;
				GCC_WARN_64_TO_32_BIT_CONVERSION = YES;
				GCC_WARN_ABOUT_RETURN_TYPE = YES_ERROR;
				GCC_WARN_UNDECLARED_SELECTOR = YES;
				GCC_WARN_UNINITIALIZED_AUTOS = YES_AGGRESSIVE;
				GCC_WARN_UNUSED_FUNCTION = YES;
				GCC_WARN_UNUSED_VARIABLE = YES;
				IPHONEOS_DEPLOYMENT_TARGET = 8.1;
				MTL_ENABLE_DEBUG_INFO = YES;
				ONLY_ACTIVE_ARCH = YES;
				SDKROOT = iphoneos;
			};
			name = Debug;
		};
		85AA36711A0CE94A00FA542C /* Release */ = {
			isa = XCBuildConfiguration;
			buildSettings = {
				ALWAYS_SEARCH_USER_PATHS = NO;
				CLANG_CXX_LANGUAGE_STANDARD = "gnu++0x";
				CLANG_CXX_LIBRARY = "libc++";
				CLANG_ENABLE_MODULES = YES;
				CLANG_ENABLE_OBJC_ARC = YES;
				CLANG_WARN_BOOL_CONVERSION = YES;
				CLANG_WARN_CONSTANT_CONVERSION = YES;
				CLANG_WARN_DIRECT_OBJC_ISA_USAGE = YES_ERROR;
				CLANG_WARN_EMPTY_BODY = YES;
				CLANG_WARN_ENUM_CONVERSION = YES;
				CLANG_WARN_INT_CONVERSION = YES;
				CLANG_WARN_OBJC_ROOT_CLASS = YES_ERROR;
				CLANG_WARN_UNREACHABLE_CODE = YES;
				CLANG_WARN__DUPLICATE_METHOD_MATCH = YES;
				"CODE_SIGN_IDENTITY[sdk=iphoneos*]" = "iPhone Developer";
				COPY_PHASE_STRIP = YES;
				ENABLE_NS_ASSERTIONS = NO;
				ENABLE_STRICT_OBJC_MSGSEND = YES;
				GCC_C_LANGUAGE_STANDARD = gnu99;
				GCC_WARN_64_TO_32_BIT_CONVERSION = YES;
				GCC_WARN_ABOUT_RETURN_TYPE = YES_ERROR;
				GCC_WARN_UNDECLARED_SELECTOR = YES;
				GCC_WARN_UNINITIALIZED_AUTOS = YES_AGGRESSIVE;
				GCC_WARN_UNUSED_FUNCTION = YES;
				GCC_WARN_UNUSED_VARIABLE = YES;
				IPHONEOS_DEPLOYMENT_TARGET = 8.1;
				MTL_ENABLE_DEBUG_INFO = NO;
				SDKROOT = iphoneos;
				VALIDATE_PRODUCT = YES;
			};
			name = Release;
		};
		85AA36731A0CE94A00FA542C /* Debug */ = {
			isa = XCBuildConfiguration;
			buildSettings = {
				ASSETCATALOG_COMPILER_APPICON_NAME = AppIcon;
				INFOPLIST_FILE = HiWorld/Info.plist;
				LD_RUNPATH_SEARCH_PATHS = "$(inherited) @executable_path/Frameworks";
				PRODUCT_NAME = evilHangman;
			};
			name = Debug;
		};
		85AA36741A0CE94A00FA542C /* Release */ = {
			isa = XCBuildConfiguration;
			buildSettings = {
				ASSETCATALOG_COMPILER_APPICON_NAME = AppIcon;
				INFOPLIST_FILE = HiWorld/Info.plist;
				LD_RUNPATH_SEARCH_PATHS = "$(inherited) @executable_path/Frameworks";
				PRODUCT_NAME = evilHangman;
			};
			name = Release;
		};
		85AA36761A0CE94A00FA542C /* Debug */ = {
			isa = XCBuildConfiguration;
			buildSettings = {
				BUNDLE_LOADER = "$(TEST_HOST)";
				FRAMEWORK_SEARCH_PATHS = (
					"$(SDKROOT)/Developer/Library/Frameworks",
					"$(inherited)",
				);
				GCC_PREPROCESSOR_DEFINITIONS = (
					"DEBUG=1",
					"$(inherited)",
				);
				INFOPLIST_FILE = HiWorldTests/Info.plist;
				LD_RUNPATH_SEARCH_PATHS = "$(inherited) @executable_path/Frameworks @loader_path/Frameworks";
				PRODUCT_NAME = evilHangmanTests;
				TEST_HOST = "$(BUILT_PRODUCTS_DIR)/HiWorld.app/HiWorld";
			};
			name = Debug;
		};
		85AA36771A0CE94A00FA542C /* Release */ = {
			isa = XCBuildConfiguration;
			buildSettings = {
				BUNDLE_LOADER = "$(TEST_HOST)";
				FRAMEWORK_SEARCH_PATHS = (
					"$(SDKROOT)/Developer/Library/Frameworks",
					"$(inherited)",
				);
				INFOPLIST_FILE = HiWorldTests/Info.plist;
				LD_RUNPATH_SEARCH_PATHS = "$(inherited) @executable_path/Frameworks @loader_path/Frameworks";
				PRODUCT_NAME = evilHangmanTests;
				TEST_HOST = "$(BUILT_PRODUCTS_DIR)/HiWorld.app/HiWorld";
			};
			name = Release;
		};
/* End XCBuildConfiguration section */

/* Begin XCConfigurationList section */
		85AA364A1A0CE94A00FA542C /* Build configuration list for PBXProject "evilHangman" */ = {
			isa = XCConfigurationList;
			buildConfigurations = (
				85AA36701A0CE94A00FA542C /* Debug */,
				85AA36711A0CE94A00FA542C /* Release */,
			);
			defaultConfigurationIsVisible = 0;
			defaultConfigurationName = Release;
		};
		85AA36721A0CE94A00FA542C /* Build configuration list for PBXNativeTarget "evilHangman" */ = {
			isa = XCConfigurationList;
			buildConfigurations = (
				85AA36731A0CE94A00FA542C /* Debug */,
				85AA36741A0CE94A00FA542C /* Release */,
			);
			defaultConfigurationIsVisible = 0;
			defaultConfigurationName = Release;
		};
		85AA36751A0CE94A00FA542C /* Build configuration list for PBXNativeTarget "evilHangmanTests" */ = {
			isa = XCConfigurationList;
			buildConfigurations = (
				85AA36761A0CE94A00FA542C /* Debug */,
				85AA36771A0CE94A00FA542C /* Release */,
			);
			defaultConfigurationIsVisible = 0;
			defaultConfigurationName = Release;
		};
/* End XCConfigurationList section */
	};
	rootObject = 85AA36471A0CE94A00FA542C /* Project object */;
}
